
Microsoft Visual Studio Solution File, Format Version 12.00
# Visual Studio Version 17
VisualStudioVersion = 17.14.36518.9
MinimumVisualStudioVersion = 10.0.40219.1
Project("{FAE04EC0-301F-11D3-BF4B-00C04F79EFBC}") = "Sender", "Sender\Sender.csproj", "{7BA36090-DE98-41FB-8DB4-7691908966E5}"
EndProject
Project("{FAE04EC0-301F-11D3-BF4B-00C04F79EFBC}") = "Receiver", "Receiver\Receiver.csproj", "{6AB19915-3B31-46E5-B5DB-5E1F4A0FD6B7}"
EndProject
Project("{2150E333-8FDC-42A3-9474-1A3956D46DE8}") = "Solution Items", "Solution Items", "{8EC462FD-D22E-90A8-E5CE-7E832BA40C5D}"
	ProjectSection(SolutionItems) = preProject
		README.md = README.md
	EndProjectSection
EndProject
Global
	GlobalSection(SolutionConfigurationPlatforms) = preSolution
		Debug|Any CPU = Debug|Any CPU
		Release|Any CPU = Release|Any CPU
	EndGlobalSection
	GlobalSection(ProjectConfigurationPlatforms) = postSolution
		{7BA36090-DE98-41FB-8DB4-7691908966E5}.Debug|Any CPU.ActiveCfg = Debug|Any CPU
		{7BA36090-DE98-41FB-8DB4-7691908966E5}.Debug|Any CPU.Build.0 = Debug|Any CPU
		{7BA36090-DE98-41FB-8DB4-7691908966E5}.Release|Any CPU.ActiveCfg = Release|Any CPU
		{7BA36090-DE98-41FB-8DB4-7691908966E5}.Release|Any CPU.Build.0 = Release|Any CPU
		{6AB19915-3B31-46E5-B5DB-5E1F4A0FD6B7}.Debug|Any CPU.ActiveCfg = Debug|Any CPU
		{6AB19915-3B31-46E5-B5DB-5E1F4A0FD6B7}.Debug|Any CPU.Build.0 = Debug|Any CPU
		{6AB19915-3B31-46E5-B5DB-5E1F4A0FD6B7}.Release|Any CPU.ActiveCfg = Release|Any CPU
		{6AB19915-3B31-46E5-B5DB-5E1F4A0FD6B7}.Release|Any CPU.Build.0 = Release|Any CPU
	EndGlobalSection
	GlobalSection(SolutionProperties) = preSolution
		HideSolutionNode = FALSE
	EndGlobalSection
	GlobalSection(ExtensibilityGlobals) = postSolution
		SolutionGuid = {8B38FB11-8716-4694-B2A1-6EE84C41DEAC}
	EndGlobalSection
EndGlobal
